// !$*UTF8*$!
{
	archiveVersion = 1;
	classes = {
	};
	objectVersion = 56;
	objects = {

/* Begin PBXBuildFile section */
		364392A42A6FD6DA0042DE5C /* AppDelegate.swift in Sources */ = {isa = PBXBuildFile; fileRef = 364392A32A6FD6DA0042DE5C /* AppDelegate.swift */; };
		364392A62A6FD6DA0042DE5C /* SceneDelegate.swift in Sources */ = {isa = PBXBuildFile; fileRef = 364392A52A6FD6DA0042DE5C /* SceneDelegate.swift */; };
		364392A82A6FD6DA0042DE5C /* ViewController.swift in Sources */ = {isa = PBXBuildFile; fileRef = 364392A72A6FD6DA0042DE5C /* ViewController.swift */; };
		364392AB2A6FD6DA0042DE5C /* Main.storyboard in Resources */ = {isa = PBXBuildFile; fileRef = 364392A92A6FD6DA0042DE5C /* Main.storyboard */; };
		364392AD2A6FD6DC0042DE5C /* Assets.xcassets in Resources */ = {isa = PBXBuildFile; fileRef = 364392AC2A6FD6DC0042DE5C /* Assets.xcassets */; };
		364392B02A6FD6DC0042DE5C /* LaunchScreen.storyboard in Resources */ = {isa = PBXBuildFile; fileRef = 364392AE2A6FD6DC0042DE5C /* LaunchScreen.storyboard */; };
		364392BB2A6FDA8A0042DE5C /* DiffableTableViewController.swift in Sources */ = {isa = PBXBuildFile; fileRef = 364392B92A6FDA8A0042DE5C /* DiffableTableViewController.swift */; };
		364392BC2A6FDA8A0042DE5C /* DiffableTableViewController.xib in Resources */ = {isa = PBXBuildFile; fileRef = 364392BA2A6FDA8A0042DE5C /* DiffableTableViewController.xib */; };
		364392C02A6FEA510042DE5C /* TableViewModel.swift in Sources */ = {isa = PBXBuildFile; fileRef = 364392BF2A6FEA510042DE5C /* TableViewModel.swift */; };
/* End PBXBuildFile section */

/* Begin PBXFileReference section */
		364392A02A6FD6DA0042DE5C /* DiffableDataSource.app */ = {isa = PBXFileReference; explicitFileType = wrapper.application; includeInIndex = 0; path = DiffableDataSource.app; sourceTree = BUILT_PRODUCTS_DIR; };
		364392A32A6FD6DA0042DE5C /* AppDelegate.swift */ = {isa = PBXFileReference; lastKnownFileType = sourcecode.swift; path = AppDelegate.swift; sourceTree = "<group>"; };
		364392A52A6FD6DA0042DE5C /* SceneDelegate.swift */ = {isa = PBXFileReference; lastKnownFileType = sourcecode.swift; path = SceneDelegate.swift; sourceTree = "<group>"; };
		364392A72A6FD6DA0042DE5C /* ViewController.swift */ = {isa = PBXFileReference; lastKnownFileType = sourcecode.swift; path = ViewController.swift; sourceTree = "<group>"; };
		364392AA2A6FD6DA0042DE5C /* Base */ = {isa = PBXFileReference; lastKnownFileType = file.storyboard; name = Base; path = Base.lproj/Main.storyboard; sourceTree = "<group>"; };
		364392AC2A6FD6DC0042DE5C /* Assets.xcassets */ = {isa = PBXFileReference; lastKnownFileType = folder.assetcatalog; path = Assets.xcassets; sourceTree = "<group>"; };
		364392AF2A6FD6DC0042DE5C /* Base */ = {isa = PBXFileReference; lastKnownFileType = file.storyboard; name = Base; path = Base.lproj/LaunchScreen.storyboard; sourceTree = "<group>"; };
		364392B12A6FD6DC0042DE5C /* Info.plist */ = {isa = PBXFileReference; lastKnownFileType = text.plist.xml; path = Info.plist; sourceTree = "<group>"; };
		364392B92A6FDA8A0042DE5C /* DiffableTableViewController.swift */ = {isa = PBXFileReference; lastKnownFileType = sourcecode.swift; path = DiffableTableViewController.swift; sourceTree = "<group>"; };
		364392BA2A6FDA8A0042DE5C /* DiffableTableViewController.xib */ = {isa = PBXFileReference; lastKnownFileType = file.xib; path = DiffableTableViewController.xib; sourceTree = "<group>"; };
		364392BF2A6FEA510042DE5C /* TableViewModel.swift */ = {isa = PBXFileReference; lastKnownFileType = sourcecode.swift; path = TableViewModel.swift; sourceTree = "<group>"; };
/* End PBXFileReference section */

/* Begin PBXFrameworksBuildPhase section */
		3643929D2A6FD6DA0042DE5C /* Frameworks */ = {
			isa = PBXFrameworksBuildPhase;
			buildActionMask = 2147483647;
			files = (
			);
			runOnlyForDeploymentPostprocessing = 0;
		};
/* End PBXFrameworksBuildPhase section */

/* Begin PBXGroup section */
		364392972A6FD6DA0042DE5C = {
			isa = PBXGroup;
			children = (
				364392A22A6FD6DA0042DE5C /* DiffableDataSource */,
				364392A12A6FD6DA0042DE5C /* Products */,
			);
			sourceTree = "<group>";
		};
		364392A12A6FD6DA0042DE5C /* Products */ = {
			isa = PBXGroup;
			children = (
				364392A02A6FD6DA0042DE5C /* DiffableDataSource.app */,
			);
			name = Products;
			sourceTree = "<group>";
		};
		364392A22A6FD6DA0042DE5C /* DiffableDataSource */ = {
			isa = PBXGroup;
			children = (
				364392B82A6FDA740042DE5C /* TableViewVC */,
				364392B72A6FDA640042DE5C /* WelcomeVC */,
				364392A32A6FD6DA0042DE5C /* AppDelegate.swift */,
				364392A52A6FD6DA0042DE5C /* SceneDelegate.swift */,
				364392AC2A6FD6DC0042DE5C /* Assets.xcassets */,
				364392AE2A6FD6DC0042DE5C /* LaunchScreen.storyboard */,
				364392B12A6FD6DC0042DE5C /* Info.plist */,
			);
			path = DiffableDataSource;
			sourceTree = "<group>";
		};
		364392B72A6FDA640042DE5C /* WelcomeVC */ = {
			isa = PBXGroup;
			children = (
				364392A92A6FD6DA0042DE5C /* Main.storyboard */,
				364392A72A6FD6DA0042DE5C /* ViewController.swift */,
			);
			path = WelcomeVC;
			sourceTree = "<group>";
		};
		364392B82A6FDA740042DE5C /* TableViewVC */ = {
			isa = PBXGroup;
			children = (
				364392BE2A6FEA1E0042DE5C /* View */,
				364392BD2A6FEA190042DE5C /* Model */,
			);
			path = TableViewVC;
			sourceTree = "<group>";
		};
		364392BD2A6FEA190042DE5C /* Model */ = {
			isa = PBXGroup;
			children = (
				364392BF2A6FEA510042DE5C /* TableViewModel.swift */,
			);
			path = Model;
			sourceTree = "<group>";
		};
		364392BE2A6FEA1E0042DE5C /* View */ = {
			isa = PBXGroup;
			children = (
				364392B92A6FDA8A0042DE5C /* DiffableTableViewController.swift */,
				364392BA2A6FDA8A0042DE5C /* DiffableTableViewController.xib */,
			);
			path = View;
			sourceTree = "<group>";
		};
/* End PBXGroup section */

/* Begin PBXNativeTarget section */
		3643929F2A6FD6DA0042DE5C /* DiffableDataSource */ = {
			isa = PBXNativeTarget;
			buildConfigurationList = 364392B42A6FD6DC0042DE5C /* Build configuration list for PBXNativeTarget "DiffableDataSource" */;
			buildPhases = (
				3643929C2A6FD6DA0042DE5C /* Sources */,
				3643929D2A6FD6DA0042DE5C /* Frameworks */,
				3643929E2A6FD6DA0042DE5C /* Resources */,
			);
			buildRules = (
			);
			dependencies = (
			);
			name = DiffableDataSource;
			productName = DiffableDataSource;
			productReference = 364392A02A6FD6DA0042DE5C /* DiffableDataSource.app */;
			productType = "com.apple.product-type.application";
		};
/* End PBXNativeTarget section */

/* Begin PBXProject section */
		364392982A6FD6DA0042DE5C /* Project object */ = {
			isa = PBXProject;
			attributes = {
				BuildIndependentTargetsInParallel = 1;
				LastSwiftUpdateCheck = 1430;
				LastUpgradeCheck = 1430;
				TargetAttributes = {
					3643929F2A6FD6DA0042DE5C = {
						CreatedOnToolsVersion = 14.3.1;
					};
				};
			};
			buildConfigurationList = 3643929B2A6FD6DA0042DE5C /* Build configuration list for PBXProject "DiffableDataSource" */;
			compatibilityVersion = "Xcode 14.0";
			developmentRegion = en;
			hasScannedForEncodings = 0;
			knownRegions = (
				en,
				Base,
			);
			mainGroup = 364392972A6FD6DA0042DE5C;
			productRefGroup = 364392A12A6FD6DA0042DE5C /* Products */;
			projectDirPath = "";
			projectRoot = "";
			targets = (
				3643929F2A6FD6DA0042DE5C /* DiffableDataSource */,
			);
		};
/* End PBXProject section */

/* Begin PBXResourcesBuildPhase section */
		3643929E2A6FD6DA0042DE5C /* Resources */ = {
			isa = PBXResourcesBuildPhase;
			buildActionMask = 2147483647;
			files = (
				364392BC2A6FDA8A0042DE5C /* DiffableTableViewController.xib in Resources */,
				364392B02A6FD6DC0042DE5C /* LaunchScreen.storyboard in Resources */,
				364392AD2A6FD6DC0042DE5C /* Assets.xcassets in Resources */,
				364392AB2A6FD6DA0042DE5C /* Main.storyboard in Resources */,
			);
			runOnlyForDeploymentPostprocessing = 0;
		};
/* End PBXResourcesBuildPhase section */

/* Begin PBXSourcesBuildPhase section */
		3643929C2A6FD6DA0042DE5C /* Sources */ = {
			isa = PBXSourcesBuildPhase;
			buildActionMask = 2147483647;
			files = (
				364392BB2A6FDA8A0042DE5C /* DiffableTableViewController.swift in Sources */,
				364392C02A6FEA510042DE5C /* TableViewModel.swift in Sources */,
				364392A82A6FD6DA0042DE5C /* ViewController.swift in Sources */,
				364392A42A6FD6DA0042DE5C /* AppDelegate.swift in Sources */,
				364392A62A6FD6DA0042DE5C /* SceneDelegate.swift in Sources */,
			);
			runOnlyForDeploymentPostprocessing = 0;
		};
/* End PBXSourcesBuildPhase section */

/* Begin PBXVariantGroup section */
		364392A92A6FD6DA0042DE5C /* Main.storyboard */ = {
			isa = PBXVariantGroup;
			children = (
				364392AA2A6FD6DA0042DE5C /* Base */,
			);
			name = Main.storyboard;
			sourceTree = "<group>";
		};
		364392AE2A6FD6DC0042DE5C /* LaunchScreen.storyboard */ = {
			isa = PBXVariantGroup;
			children = (
				364392AF2A6FD6DC0042DE5C /* Base */,
			);
			name = LaunchScreen.storyboard;
			sourceTree = "<group>";
		};
/* End PBXVariantGroup section */

/* Begin XCBuildConfiguration section */
		364392B22A6FD6DC0042DE5C /* Debug */ = {
			isa = XCBuildConfiguration;
			buildSettings = {
				ALWAYS_SEARCH_USER_PATHS = NO;
				CLANG_ANALYZER_NONNULL = YES;
				CLANG_ANALYZER_NUMBER_OBJECT_CONVERSION = YES_AGGRESSIVE;
				CLANG_CXX_LANGUAGE_STANDARD = "gnu++20";
				CLANG_ENABLE_MODULES = YES;
				CLANG_ENABLE_OBJC_ARC = YES;
				CLANG_ENABLE_OBJC_WEAK = YES;
				CLANG_WARN_BLOCK_CAPTURE_AUTORELEASING = YES;
				CLANG_WARN_BOOL_CONVERSION = YES;
				CLANG_WARN_COMMA = YES;
				CLANG_WARN_CONSTANT_CONVERSION = YES;
				CLANG_WARN_DEPRECATED_OBJC_IMPLEMENTATIONS = YES;
				CLANG_WARN_DIRECT_OBJC_ISA_USAGE = YES_ERROR;
				CLANG_WARN_DOCUMENTATION_COMMENTS = YES;
				CLANG_WARN_EMPTY_BODY = YES;
				CLANG_WARN_ENUM_CONVERSION = YES;
				CLANG_WARN_INFINITE_RECURSION = YES;
				CLANG_WARN_INT_CONVERSION = YES;
				CLANG_WARN_NON_LITERAL_NULL_CONVERSION = YES;
				CLANG_WARN_OBJC_IMPLICIT_RETAIN_SELF = YES;
				CLANG_WARN_OBJC_LITERAL_CONVERSION = YES;
				CLANG_WARN_OBJC_ROOT_CLASS = YES_ERROR;
				CLANG_WARN_QUOTED_INCLUDE_IN_FRAMEWORK_HEADER = YES;
				CLANG_WARN_RANGE_LOOP_ANALYSIS = YES;
				CLANG_WARN_STRICT_PROTOTYPES = YES;
				CLANG_WARN_SUSPICIOUS_MOVE = YES;
				CLANG_WARN_UNGUARDED_AVAILABILITY = YES_AGGRESSIVE;
				CLANG_WARN_UNREACHABLE_CODE = YES;
				CLANG_WARN__DUPLICATE_METHOD_MATCH = YES;
				COPY_PHASE_STRIP = NO;
				DEBUG_INFORMATION_FORMAT = dwarf;
				ENABLE_STRICT_OBJC_MSGSEND = YES;
				ENABLE_TESTABILITY = YES;
				GCC_C_LANGUAGE_STANDARD = gnu11;
				GCC_DYNAMIC_NO_PIC = NO;
				GCC_NO_COMMON_BLOCKS = YES;
				GCC_OPTIMIZATION_LEVEL = 0;
				GCC_PREPROCESSOR_DEFINITIONS = (
					"DEBUG=1",
					"$(inherited)",
				);
				GCC_WARN_64_TO_32_BIT_CONVERSION = YES;
				GCC_WARN_ABOUT_RETURN_TYPE = YES_ERROR;
				GCC_WARN_UNDECLARED_SELECTOR = YES;
				GCC_WARN_UNINITIALIZED_AUTOS = YES_AGGRESSIVE;
				GCC_WARN_UNUSED_FUNCTION = YES;
				GCC_WARN_UNUSED_VARIABLE = YES;
				IPHONEOS_DEPLOYMENT_TARGET = 13.0;
				MTL_ENABLE_DEBUG_INFO = INCLUDE_SOURCE;
				MTL_FAST_MATH = YES;
				ONLY_ACTIVE_ARCH = YES;
				SDKROOT = iphoneos;
				SWIFT_ACTIVE_COMPILATION_CONDITIONS = DEBUG;
				SWIFT_OPTIMIZATION_LEVEL = "-Onone";
			};
			name = Debug;
		};
		364392B32A6FD6DC0042DE5C /* Release */ = {
			isa = XCBuildConfiguration;
			buildSettings = {
				ALWAYS_SEARCH_USER_PATHS = NO;
				CLANG_ANALYZER_NONNULL = YES;
				CLANG_ANALYZER_NUMBER_OBJECT_CONVERSION = YES_AGGRESSIVE;
				CLANG_CXX_LANGUAGE_STANDARD = "gnu++20";
				CLANG_ENABLE_MODULES = YES;
				CLANG_ENABLE_OBJC_ARC = YES;
				CLANG_ENABLE_OBJC_WEAK = YES;
				CLANG_WARN_BLOCK_CAPTURE_AUTORELEASING = YES;
				CLANG_WARN_BOOL_CONVERSION = YES;
				CLANG_WARN_COMMA = YES;
				CLANG_WARN_CONSTANT_CONVERSION = YES;
				CLANG_WARN_DEPRECATED_OBJC_IMPLEMENTATIONS = YES;
				CLANG_WARN_DIRECT_OBJC_ISA_USAGE = YES_ERROR;
				CLANG_WARN_DOCUMENTATION_COMMENTS = YES;
				CLANG_WARN_EMPTY_BODY = YES;
				CLANG_WARN_ENUM_CONVERSION = YES;
				CLANG_WARN_INFINITE_RECURSION = YES;
				CLANG_WARN_INT_CONVERSION = YES;
				CLANG_WARN_NON_LITERAL_NULL_CONVERSION = YES;
				CLANG_WARN_OBJC_IMPLICIT_RETAIN_SELF = YES;
				CLANG_WARN_OBJC_LITERAL_CONVERSION = YES;
				CLANG_WARN_OBJC_ROOT_CLASS = YES_ERROR;
				CLANG_WARN_QUOTED_INCLUDE_IN_FRAMEWORK_HEADER = YES;
				CLANG_WARN_RANGE_LOOP_ANALYSIS = YES;
				CLANG_WARN_STRICT_PROTOTYPES = YES;
				CLANG_WARN_SUSPICIOUS_MOVE = YES;
				CLANG_WARN_UNGUARDED_AVAILABILITY = YES_AGGRESSIVE;
				CLANG_WARN_UNREACHABLE_CODE = YES;
				CLANG_WARN__DUPLICATE_METHOD_MATCH = YES;
				COPY_PHASE_STRIP = NO;
				DEBUG_INFORMATION_FORMAT = "dwarf-with-dsym";
				ENABLE_NS_ASSERTIONS = NO;
				ENABLE_STRICT_OBJC_MSGSEND = YES;
				GCC_C_LANGUAGE_STANDARD = gnu11;
				GCC_NO_COMMON_BLOCKS = YES;
				GCC_WARN_64_TO_32_BIT_CONVERSION = YES;
				GCC_WARN_ABOUT_RETURN_TYPE = YES_ERROR;
				GCC_WARN_UNDECLARED_SELECTOR = YES;
				GCC_WARN_UNINITIALIZED_AUTOS = YES_AGGRESSIVE;
				GCC_WARN_UNUSED_FUNCTION = YES;
				GCC_WARN_UNUSED_VARIABLE = YES;
				IPHONEOS_DEPLOYMENT_TARGET = 13.0;
				MTL_ENABLE_DEBUG_INFO = NO;
				MTL_FAST_MATH = YES;
				SDKROOT = iphoneos;
				SWIFT_COMPILATION_MODE = wholemodule;
				SWIFT_OPTIMIZATION_LEVEL = "-O";
				VALIDATE_PRODUCT = YES;
			};
			name = Release;
		};
		364392B52A6FD6DC0042DE5C /* Debug */ = {
			isa = XCBuildConfiguration;
			buildSettings = {
				ASSETCATALOG_COMPILER_APPICON_NAME = AppIcon;
				ASSETCATALOG_COMPILER_GLOBAL_ACCENT_COLOR_NAME = AccentColor;
				CODE_SIGN_STYLE = Automatic;
				CURRENT_PROJECT_VERSION = 1;
				DEVELOPMENT_TEAM = 65D24US5AQ;
				GENERATE_INFOPLIST_FILE = YES;
				INFOPLIST_FILE = DiffableDataSource/Info.plist;
				INFOPLIST_KEY_UIApplicationSupportsIndirectInputEvents = YES;
				INFOPLIST_KEY_UILaunchStoryboardName = LaunchScreen;
				INFOPLIST_KEY_UIMainStoryboardFile = Main;
				INFOPLIST_KEY_UISupportedInterfaceOrientations_iPad = "UIInterfaceOrientationPortrait UIInterfaceOrientationPortraitUpsideDown UIInterfaceOrientationLandscapeLeft UIInterfaceOrientationLandscapeRight";
				INFOPLIST_KEY_UISupportedInterfaceOrientations_iPhone = "UIInterfaceOrientationPortrait UIInterfaceOrientationLandscapeLeft UIInterfaceOrientationLandscapeRight";
				IPHONEOS_DEPLOYMENT_TARGET = 13.0;
				LD_RUNPATH_SEARCH_PATHS = (
					"$(inherited)",
					"@executable_path/Frameworks",
				);
				MARKETING_VERSION = 1.0;
				PRODUCT_BUNDLE_IDENTIFIER = com.DiffableDataSource;
				PRODUCT_NAME = "$(TARGET_NAME)";
				SWIFT_EMIT_LOC_STRINGS = YES;
				SWIFT_VERSION = 5.0;
				TARGETED_DEVICE_FAMILY = "1,2";
			};
			name = Debug;
		};
		364392B62A6FD6DC0042DE5C /* Release */ = {
			isa = XCBuildConfiguration;
			buildSettings = {
				ASSETCATALOG_COMPILER_APPICON_NAME = AppIcon;
				ASSETCATALOG_COMPILER_GLOBAL_ACCENT_COLOR_NAME = AccentColor;
				CODE_SIGN_STYLE = Automatic;
				CURRENT_PROJECT_VERSION = 1;
				DEVELOPMENT_TEAM = 65D24US5AQ;
				GENERATE_INFOPLIST_FILE = YES;
				INFOPLIST_FILE = DiffableDataSource/Info.plist;
				INFOPLIST_KEY_UIApplicationSupportsIndirectInputEvents = YES;
				INFOPLIST_KEY_UILaunchStoryboardName = LaunchScreen;
				INFOPLIST_KEY_UIMainStoryboardFile = Main;
				INFOPLIST_KEY_UISupportedInterfaceOrientations_iPad = "UIInterfaceOrientationPortrait UIInterfaceOrientationPortraitUpsideDown UIInterfaceOrientationLandscapeLeft UIInterfaceOrientationLandscapeRight";
				INFOPLIST_KEY_UISupportedInterfaceOrientations_iPhone = "UIInterfaceOrientationPortrait UIInterfaceOrientationLandscapeLeft UIInterfaceOrientationLandscapeRight";
				IPHONEOS_DEPLOYMENT_TARGET = 13.0;
				LD_RUNPATH_SEARCH_PATHS = (
					"$(inherited)",
					"@executable_path/Frameworks",
				);
				MARKETING_VERSION = 1.0;
				PRODUCT_BUNDLE_IDENTIFIER = com.DiffableDataSource;
				PRODUCT_NAME = "$(TARGET_NAME)";
				SWIFT_EMIT_LOC_STRINGS = YES;
				SWIFT_VERSION = 5.0;
				TARGETED_DEVICE_FAMILY = "1,2";
			};
			name = Release;
		};
/* End XCBuildConfiguration section */

/* Begin XCConfigurationList section */
		3643929B2A6FD6DA0042DE5C /* Build configuration list for PBXProject "DiffableDataSource" */ = {
			isa = XCConfigurationList;
			buildConfigurations = (
				364392B22A6FD6DC0042DE5C /* Debug */,
				364392B32A6FD6DC0042DE5C /* Release */,
			);
			defaultConfigurationIsVisible = 0;
			defaultConfigurationName = Release;
		};
		364392B42A6FD6DC0042DE5C /* Build configuration list for PBXNativeTarget "DiffableDataSource" */ = {
			isa = XCConfigurationList;
			buildConfigurations = (
				364392B52A6FD6DC0042DE5C /* Debug */,
				364392B62A6FD6DC0042DE5C /* Release */,
			);
			defaultConfigurationIsVisible = 0;
			defaultConfigurationName = Release;
		};
/* End XCConfigurationList section */
	};
	rootObject = 364392982A6FD6DA0042DE5C /* Project object */;
}
